
Microsoft Visual Studio Solution File, Format Version 12.00
# Visual Studio Version 17
VisualStudioVersion = 17.0.31903.59
MinimumVisualStudioVersion = 10.0.40219.1
Project("{9A19103F-16F7-4668-BE54-9A1E7A4F7556}") = "CDS.Weather", "CDS.Weather\CDS.Weather.csproj", "{6FFFC03A-D807-407F-94D9-32ED820BB3A5}"
EndProject
Project("{9A19103F-16F7-4668-BE54-9A1E7A4F7556}") = "Uqs.OpenWeather", "OpenWeatherClient\Uqs.OpenWeather\Uqs.OpenWeather.csproj", "{59F01FE0-ECC9-4D0D-9040-3D63AC8795C7}"
EndProject
Project("{9A19103F-16F7-4668-BE54-9A1E7A4F7556}") = "CDS.Weather.Tests.Unit", "CDS.Weather.Tests.Unit\CDS.Weather.Tests.Unit.csproj", "{1A90D11D-C335-4AA8-80AD-60838C995E5C}"
EndProject
Project("{9A19103F-16F7-4668-BE54-9A1E7A4F7556}") = "CDS.Weather.Tests.Integration", "CDS.Weather.Tests.Integration\CDS.Weather.Tests.Integration.csproj", "{F1FAD016-FC21-4EE6-8216-E3FC02E73BD4}"
EndProject
Project("{2150E333-8FDC-42A3-9474-1A3956D46DE8}") = "Kubernetes", "Kubernetes", "{5D6422E0-6A3A-400B-8F39-D3EC31055128}"
EndProject
Project("{2150E333-8FDC-42A3-9474-1A3956D46DE8}") = "Manifests", "Manifests", "{F89C0D6B-8482-4094-A521-510F219284F0}"
	ProjectSection(SolutionItems) = preProject
		CDS.Weather\K8\Deployment.yaml = CDS.Weather\K8\Deployment.yaml
		CDS.Weather\K8\Service.yaml = CDS.Weather\K8\Service.yaml
	EndProjectSection
EndProject
Project("{2150E333-8FDC-42A3-9474-1A3956D46DE8}") = "Solution Items", "Solution Items", "{0F53D909-DE0E-4997-B33A-FFCE8D3F7337}"
	ProjectSection(SolutionItems) = preProject
		README.md = README.md
	EndProjectSection
EndProject
Global
	GlobalSection(SolutionConfigurationPlatforms) = preSolution
		Debug|Any CPU = Debug|Any CPU
		Release|Any CPU = Release|Any CPU
	EndGlobalSection
	GlobalSection(ProjectConfigurationPlatforms) = postSolution
		{6FFFC03A-D807-407F-94D9-32ED820BB3A5}.Debug|Any CPU.ActiveCfg = Debug|Any CPU
		{6FFFC03A-D807-407F-94D9-32ED820BB3A5}.Debug|Any CPU.Build.0 = Debug|Any CPU
		{6FFFC03A-D807-407F-94D9-32ED820BB3A5}.Release|Any CPU.ActiveCfg = Release|Any CPU
		{6FFFC03A-D807-407F-94D9-32ED820BB3A5}.Release|Any CPU.Build.0 = Release|Any CPU
		{59F01FE0-ECC9-4D0D-9040-3D63AC8795C7}.Debug|Any CPU.ActiveCfg = Debug|Any CPU
		{59F01FE0-ECC9-4D0D-9040-3D63AC8795C7}.Debug|Any CPU.Build.0 = Debug|Any CPU
		{59F01FE0-ECC9-4D0D-9040-3D63AC8795C7}.Release|Any CPU.ActiveCfg = Release|Any CPU
		{59F01FE0-ECC9-4D0D-9040-3D63AC8795C7}.Release|Any CPU.Build.0 = Release|Any CPU
		{1A90D11D-C335-4AA8-80AD-60838C995E5C}.Debug|Any CPU.ActiveCfg = Debug|Any CPU
		{1A90D11D-C335-4AA8-80AD-60838C995E5C}.Debug|Any CPU.Build.0 = Debug|Any CPU
		{1A90D11D-C335-4AA8-80AD-60838C995E5C}.Release|Any CPU.ActiveCfg = Release|Any CPU
		{1A90D11D-C335-4AA8-80AD-60838C995E5C}.Release|Any CPU.Build.0 = Release|Any CPU
		{F1FAD016-FC21-4EE6-8216-E3FC02E73BD4}.Debug|Any CPU.ActiveCfg = Debug|Any CPU
		{F1FAD016-FC21-4EE6-8216-E3FC02E73BD4}.Debug|Any CPU.Build.0 = Debug|Any CPU
		{F1FAD016-FC21-4EE6-8216-E3FC02E73BD4}.Release|Any CPU.ActiveCfg = Release|Any CPU
		{F1FAD016-FC21-4EE6-8216-E3FC02E73BD4}.Release|Any CPU.Build.0 = Release|Any CPU
	EndGlobalSection
	GlobalSection(SolutionProperties) = preSolution
		HideSolutionNode = FALSE
	EndGlobalSection
	GlobalSection(NestedProjects) = preSolution
		{F89C0D6B-8482-4094-A521-510F219284F0} = {5D6422E0-6A3A-400B-8F39-D3EC31055128}
	EndGlobalSection
	GlobalSection(ExtensibilityGlobals) = postSolution
		SolutionGuid = {BBCF7472-B443-4207-AAF1-CE24F460B9B8}
	EndGlobalSection
EndGlobal
